
Microsoft Visual Studio Solution File, Format Version 12.00
# Visual Studio 14
VisualStudioVersion = 14.0.23107.0
MinimumVisualStudioVersion = 10.0.40219.1
Project("{FAE04EC0-301F-11D3-BF4B-00C04F79EFBC}") = "BookService", "BookService\BookService.csproj", "{DBB46A7F-AD84-485F-9D58-D8F438E6D953}"
EndProject
Project("{FAE04EC0-301F-11D3-BF4B-00C04F79EFBC}") = "BookService.ConsoleUI", "BookService.ConsoleUI\BookService.ConsoleUI.csproj", "{93CE3F31-7B97-45AC-9C17-80F399089EF9}"
EndProject
Global
	GlobalSection(SolutionConfigurationPlatforms) = preSolution
		Debug|Any CPU = Debug|Any CPU
		Release|Any CPU = Release|Any CPU
	EndGlobalSection
	GlobalSection(ProjectConfigurationPlatforms) = postSolution
		{DBB46A7F-AD84-485F-9D58-D8F438E6D953}.Debug|Any CPU.ActiveCfg = Debug|Any CPU
		{DBB46A7F-AD84-485F-9D58-D8F438E6D953}.Debug|Any CPU.Build.0 = Debug|Any CPU
		{DBB46A7F-AD84-485F-9D58-D8F438E6D953}.Release|Any CPU.ActiveCfg = Release|Any CPU
		{DBB46A7F-AD84-485F-9D58-D8F438E6D953}.Release|Any CPU.Build.0 = Release|Any CPU
		{93CE3F31-7B97-45AC-9C17-80F399089EF9}.Debug|Any CPU.ActiveCfg = Debug|Any CPU
		{93CE3F31-7B97-45AC-9C17-80F399089EF9}.Debug|Any CPU.Build.0 = Debug|Any CPU
		{93CE3F31-7B97-45AC-9C17-80F399089EF9}.Release|Any CPU.ActiveCfg = Release|Any CPU
		{93CE3F31-7B97-45AC-9C17-80F399089EF9}.Release|Any CPU.Build.0 = Release|Any CPU
	EndGlobalSection
	GlobalSection(SolutionProperties) = preSolution
		HideSolutionNode = FALSE
	EndGlobalSection
EndGlobal
